// !$*UTF8*$!
{
	archiveVersion = 1;
	classes = {
	};
	objectVersion = 46;
	objects = {

/* Begin PBXBuildFile section */
		3DEC1204089ED4A100C32BA6 /* CocoaGlk_Prefix.h in Headers */ = {isa = PBXBuildFile; fileRef = 32CA4F630368D1EE00C91783 /* CocoaGlk_Prefix.h */; };
		3DEC120A089ED4A100C32BA6 /* GlkAppDelegate.h in Headers */ = {isa = PBXBuildFile; fileRef = 4B74ABF20497F70900A8E303 /* GlkAppDelegate.h */; };
		3DEC121E089ED4A100C32BA6 /* scprotos.h in Headers */ = {isa = PBXBuildFile; fileRef = 3D7B8F6205FF0DE8007FC823 /* scprotos.h */; };
		3DEC1222089ED4A100C32BA6 /* scgamest.h in Headers */ = {isa = PBXBuildFile; fileRef = 3D7B8F6E05FF0DE8007FC823 /* scgamest.h */; };
		3DEC1227089ED4A100C32BA6 /* scare.h in Headers */ = {isa = PBXBuildFile; fileRef = 3D7B8F7E05FF0DE8007FC823 /* scare.h */; };
		3DEC1228089ED4A100C32BA6 /* NSBundle+Types.h in Headers */ = {isa = PBXBuildFile; fileRef = 3DF75D320602FFF90056AA39 /* NSBundle+Types.h */; };
		3DEC122B089ED4A100C32BA6 /* InfoPlist.strings in Resources */ = {isa = PBXBuildFile; fileRef = 089C165CFE840E0CC02AAC07 /* InfoPlist.strings */; };
		3DEC122C089ED4A100C32BA6 /* Credits.rtf in Resources */ = {isa = PBXBuildFile; fileRef = 3DC7FC2006031BD000904F30 /* Credits.rtf */; };
		3DEC1230089ED4A100C32BA6 /* main.m in Sources */ = {isa = PBXBuildFile; fileRef = 29B97316FDCFA39411CA2CEA /* main.m */; settings = {ATTRIBUTES = (); }; };
		3DEC1236089ED4A100C32BA6 /* GlkAppDelegate.m in Sources */ = {isa = PBXBuildFile; fileRef = 4B74ABF30497F70900A8E303 /* GlkAppDelegate.m */; };
		3DEC1265089ED4A100C32BA6 /* NSBundle+Types.m in Sources */ = {isa = PBXBuildFile; fileRef = 3DF75D330602FFF90056AA39 /* NSBundle+Types.m */; };
		3DEC1268089ED4A100C32BA6 /* Cocoa.framework in Frameworks */ = {isa = PBXBuildFile; fileRef = 1058C7A1FEA54F0111CA2CBB /* Cocoa.framework */; };
		5563A53A2720B9C0005B40E0 /* MainMenu.xib in Resources */ = {isa = PBXBuildFile; fileRef = 5563A5382720B9C0005B40E0 /* MainMenu.xib */; };
		5563A53C2720BA3B005B40E0 /* Images.xcassets in Resources */ = {isa = PBXBuildFile; fileRef = 5563A53B2720BA3B005B40E0 /* Images.xcassets */; };
		55E30A5B2724CCD100C2B519 /* GlkClient.framework in Frameworks */ = {isa = PBXBuildFile; fileRef = 55E30A462724CC7400C2B519 /* GlkClient.framework */; };
		55E30A5C2724CCD100C2B519 /* GlkClient.framework in Embed Frameworks */ = {isa = PBXBuildFile; fileRef = 55E30A462724CC7400C2B519 /* GlkClient.framework */; settings = {ATTRIBUTES = (CodeSignOnCopy, RemoveHeadersOnCopy, ); }; };
		55E30A5D2724CCD100C2B519 /* GlkView.framework in Frameworks */ = {isa = PBXBuildFile; fileRef = 55E30A442724CC7400C2B519 /* GlkView.framework */; };
		55E30A5E2724CCD100C2B519 /* GlkView.framework in Embed Frameworks */ = {isa = PBXBuildFile; fileRef = 55E30A442724CC7400C2B519 /* GlkView.framework */; settings = {ATTRIBUTES = (CodeSignOnCopy, RemoveHeadersOnCopy, ); }; };
		55E30A6B2724CD1500C2B519 /* scmemos.c in Sources */ = {isa = PBXBuildFile; fileRef = 5563A53F2720C6E8005B40E0 /* scmemos.c */; };
		55E30A6C2724CD1500C2B519 /* sctasks.c in Sources */ = {isa = PBXBuildFile; fileRef = 3D7B8F5805FF0DE8007FC823 /* sctasks.c */; };
		55E30A6D2724CD1500C2B519 /* scinterf.c in Sources */ = {isa = PBXBuildFile; fileRef = 3D7B8F5B05FF0DE8007FC823 /* scinterf.c */; };
		55E30A6E2724CD1500C2B519 /* scutils.c in Sources */ = {isa = PBXBuildFile; fileRef = 3D7B8F5C05FF0DE8007FC823 /* scutils.c */; };
		55E30A6F2724CD1500C2B519 /* os_glk.c in Sources */ = {isa = PBXBuildFile; fileRef = 3D7B8F6005FF0DE8007FC823 /* os_glk.c */; };
		55E30A702724CD1500C2B519 /* sctaffil.c in Sources */ = {isa = PBXBuildFile; fileRef = 3D7B8F7A05FF0DE8007FC823 /* sctaffil.c */; };
		55E30A712724CD1500C2B519 /* scevents.c in Sources */ = {isa = PBXBuildFile; fileRef = 3D7B8F5705FF0DE8007FC823 /* scevents.c */; };
		55E30A722724CD1500C2B519 /* scrunner.c in Sources */ = {isa = PBXBuildFile; fileRef = 3D7B8F6A05FF0DE8007FC823 /* scrunner.c */; };
		55E30A732724CD1500C2B519 /* scobjcts.c in Sources */ = {isa = PBXBuildFile; fileRef = 3D7B8F7005FF0DE8007FC823 /* scobjcts.c */; };
		55E30A742724CD1500C2B519 /* scparser.c in Sources */ = {isa = PBXBuildFile; fileRef = 3D7B8F6105FF0DE8007FC823 /* scparser.c */; };
		55E30A752724CD1500C2B519 /* scserial.c in Sources */ = {isa = PBXBuildFile; fileRef = 3D7B8F7605FF0DE8007FC823 /* scserial.c */; };
		55E30A762724CD1500C2B519 /* scvars.c in Sources */ = {isa = PBXBuildFile; fileRef = 3D7B8F6505FF0DE8007FC823 /* scvars.c */; };
		55E30A772724CD1500C2B519 /* scgamest.c in Sources */ = {isa = PBXBuildFile; fileRef = 3D7B8F5F05FF0DE8007FC823 /* scgamest.c */; };
		55E30A782724CD1500C2B519 /* scresour.c in Sources */ = {isa = PBXBuildFile; fileRef = 3D2DF303061CAE2D00EB1701 /* scresour.c */; };
		55E30A792724CD1500C2B519 /* sclocale.c in Sources */ = {isa = PBXBuildFile; fileRef = 5563A5442720CA55005B40E0 /* sclocale.c */; };
		55E30A7A2724CD1500C2B519 /* sclibrar.c in Sources */ = {isa = PBXBuildFile; fileRef = 3D7B8F7705FF0DE8007FC823 /* sclibrar.c */; };
		55E30A7B2724CD1500C2B519 /* scprintf.c in Sources */ = {isa = PBXBuildFile; fileRef = 3D7B8F7905FF0DE8007FC823 /* scprintf.c */; };
		55E30A7C2724CD1500C2B519 /* scexpr.c in Sources */ = {isa = PBXBuildFile; fileRef = 3D7B8F5905FF0DE8007FC823 /* scexpr.c */; };
		55E30A7D2724CD1500C2B519 /* scnpcs.c in Sources */ = {isa = PBXBuildFile; fileRef = 3D7B8F5505FF0DE8007FC823 /* scnpcs.c */; };
		55E30A7E2724CD1500C2B519 /* sctafpar.c in Sources */ = {isa = PBXBuildFile; fileRef = 3D7B8F5405FF0DE8007FC823 /* sctafpar.c */; };
		55E30A7F2724CD1500C2B519 /* scprops.c in Sources */ = {isa = PBXBuildFile; fileRef = 3D7B8F6C05FF0DE8007FC823 /* scprops.c */; };
		55E30A802724CD1500C2B519 /* scdebug.c in Sources */ = {isa = PBXBuildFile; fileRef = 3D7B8F7C05FF0DE8007FC823 /* scdebug.c */; };
		55E30A812724CD1500C2B519 /* screstrs.c in Sources */ = {isa = PBXBuildFile; fileRef = 3D7B8F6605FF0DE8007FC823 /* screstrs.c */; };
		55E30A832724CE2200C2B519 /* scare-client in CopyFiles */ = {isa = PBXBuildFile; fileRef = 55E30A642724CCF500C2B519 /* scare-client */; settings = {ATTRIBUTES = (CodeSignOnCopy, ); }; };
		55E30A8A2724CEB400C2B519 /* GlkClient.framework in Frameworks */ = {isa = PBXBuildFile; fileRef = 55E30A462724CC7400C2B519 /* GlkClient.framework */; };
		55E30A8B2724CEB400C2B519 /* GlkView.framework in Frameworks */ = {isa = PBXBuildFile; fileRef = 55E30A442724CC7400C2B519 /* GlkView.framework */; };
		55E30A8C2724CEB400C2B519 /* libglkmain.a in Frameworks */ = {isa = PBXBuildFile; fileRef = 55E30A542724CC7400C2B519 /* libglkmain.a */; };
		55E30A8F2724D1BE00C2B519 /* ScareWindowController.m in Sources */ = {isa = PBXBuildFile; fileRef = 55E30A8E2724D1BE00C2B519 /* ScareWindowController.m */; };
/* End PBXBuildFile section */

/* Begin PBXContainerItemProxy section */
		55E30A412724CC7400C2B519 /* PBXContainerItemProxy */ = {
			isa = PBXContainerItemProxy;
			containerPortal = 55E30A342724CC7400C2B519 /* CocoaGlk.xcodeproj */;
			proxyType = 2;
			remoteGlobalIDString = 8D1107320486CEB800E47090;
			remoteInfo = CocoaGlk;
		};
		55E30A432724CC7400C2B519 /* PBXContainerItemProxy */ = {
			isa = PBXContainerItemProxy;
			containerPortal = 55E30A342724CC7400C2B519 /* CocoaGlk.xcodeproj */;
			proxyType = 2;
			remoteGlobalIDString = 4B51AA4707E8770600576AB9;
			remoteInfo = GlkView;
		};
		55E30A452724CC7400C2B519 /* PBXContainerItemProxy */ = {
			isa = PBXContainerItemProxy;
			containerPortal = 55E30A342724CC7400C2B519 /* CocoaGlk.xcodeproj */;
			proxyType = 2;
			remoteGlobalIDString = 4B51AA5607E877C900576AB9;
			remoteInfo = GlkClient;
		};
		55E30A472724CC7400C2B519 /* PBXContainerItemProxy */ = {
			isa = PBXContainerItemProxy;
			containerPortal = 55E30A342724CC7400C2B519 /* CocoaGlk.xcodeproj */;
			proxyType = 2;
			remoteGlobalIDString = 4BF0852A0E166E8300DB5C6B;
			remoteInfo = GlkSound;
		};
		55E30A492724CC7400C2B519 /* PBXContainerItemProxy */ = {
			isa = PBXContainerItemProxy;
			containerPortal = 55E30A342724CC7400C2B519 /* CocoaGlk.xcodeproj */;
			proxyType = 2;
			remoteGlobalIDString = 4B0459F107EA20F1002D7C88;
			remoteInfo = multiwin;
		};
		55E30A4B2724CC7400C2B519 /* PBXContainerItemProxy */ = {
			isa = PBXContainerItemProxy;
			containerPortal = 55E30A342724CC7400C2B519 /* CocoaGlk.xcodeproj */;
			proxyType = 2;
			remoteGlobalIDString = 4B0459F607EA20FE002D7C88;
			remoteInfo = glulxe;
		};
		55E30A4D2724CC7400C2B519 /* PBXContainerItemProxy */ = {
			isa = PBXContainerItemProxy;
			containerPortal = 55E30A342724CC7400C2B519 /* CocoaGlk.xcodeproj */;
			proxyType = 2;
			remoteGlobalIDString = 4BBC40F808A7AABD00B790B5;
			remoteInfo = imagetest;
		};
		55E30A4F2724CC7400C2B519 /* PBXContainerItemProxy */ = {
			isa = PBXContainerItemProxy;
			containerPortal = 55E30A342724CC7400C2B519 /* CocoaGlk.xcodeproj */;
			proxyType = 2;
			remoteGlobalIDString = 4B3C3B790F3DAB850066A760;
			remoteInfo = git;
		};
		55E30A512724CC7400C2B519 /* PBXContainerItemProxy */ = {
			isa = PBXContainerItemProxy;
			containerPortal = 55E30A342724CC7400C2B519 /* CocoaGlk.xcodeproj */;
			proxyType = 2;
			remoteGlobalIDString = 55C6BB36204DED96001AE7E5;
			remoteInfo = SwiftGlk;
		};
		55E30A532724CC7400C2B519 /* PBXContainerItemProxy */ = {
			isa = PBXContainerItemProxy;
			containerPortal = 55E30A342724CC7400C2B519 /* CocoaGlk.xcodeproj */;
			proxyType = 2;
			remoteGlobalIDString = 552CEF1127152BDA009D87A5;
			remoteInfo = glkmain;
		};
		55E30A552724CCC100C2B519 /* PBXContainerItemProxy */ = {
			isa = PBXContainerItemProxy;
			containerPortal = 55E30A342724CC7400C2B519 /* CocoaGlk.xcodeproj */;
			proxyType = 1;
			remoteGlobalIDString = 4B51AA5507E877C900576AB9;
			remoteInfo = GlkClient;
		};
		55E30A572724CCC100C2B519 /* PBXContainerItemProxy */ = {
			isa = PBXContainerItemProxy;
			containerPortal = 55E30A342724CC7400C2B519 /* CocoaGlk.xcodeproj */;
			proxyType = 1;
			remoteGlobalIDString = 4B51AA4607E8770600576AB9;
			remoteInfo = GlkView;
		};
		55E30A592724CCC100C2B519 /* PBXContainerItemProxy */ = {
			isa = PBXContainerItemProxy;
			containerPortal = 55E30A342724CC7400C2B519 /* CocoaGlk.xcodeproj */;
			proxyType = 1;
			remoteGlobalIDString = 552CEF1027152BDA009D87A5;
			remoteInfo = glkmain;
		};
		55E30A842724CE2600C2B519 /* PBXContainerItemProxy */ = {
			isa = PBXContainerItemProxy;
			containerPortal = 29B97313FDCFA39411CA2CEA /* Project object */;
			proxyType = 1;
			remoteGlobalIDString = 55E30A632724CCF500C2B519;
			remoteInfo = "scare-client";
		};
		55E30A862724CE4F00C2B519 /* PBXContainerItemProxy */ = {
			isa = PBXContainerItemProxy;
			containerPortal = 55E30A342724CC7400C2B519 /* CocoaGlk.xcodeproj */;
			proxyType = 1;
			remoteGlobalIDString = 4B51AA5507E877C900576AB9;
			remoteInfo = GlkClient;
		};
		55E30A882724CE5C00C2B519 /* PBXContainerItemProxy */ = {
			isa = PBXContainerItemProxy;
			containerPortal = 55E30A342724CC7400C2B519 /* CocoaGlk.xcodeproj */;
			proxyType = 1;
			remoteGlobalIDString = 4B51AA4607E8770600576AB9;
			remoteInfo = GlkView;
		};
/* End PBXContainerItemProxy section */

/* Begin PBXCopyFilesBuildPhase section */
		55E30A5F2724CCD100C2B519 /* Embed Frameworks */ = {
			isa = PBXCopyFilesBuildPhase;
			buildActionMask = 2147483647;
			dstPath = "";
			dstSubfolderSpec = 10;
			files = (
				55E30A5E2724CCD100C2B519 /* GlkView.framework in Embed Frameworks */,
				55E30A5C2724CCD100C2B519 /* GlkClient.framework in Embed Frameworks */,
			);
			name = "Embed Frameworks";
			runOnlyForDeploymentPostprocessing = 0;
		};
		55E30A822724CE1400C2B519 /* CopyFiles */ = {
			isa = PBXCopyFilesBuildPhase;
			buildActionMask = 2147483647;
			dstPath = "";
			dstSubfolderSpec = 6;
			files = (
				55E30A832724CE2200C2B519 /* scare-client in CopyFiles */,
			);
			runOnlyForDeploymentPostprocessing = 0;
		};
/* End PBXCopyFilesBuildPhase section */

/* Begin PBXFileReference section */
		1058C7A1FEA54F0111CA2CBB /* Cocoa.framework */ = {isa = PBXFileReference; lastKnownFileType = wrapper.framework; name = Cocoa.framework; path = System/Library/Frameworks/Cocoa.framework; sourceTree = SDKROOT; };
		29B97316FDCFA39411CA2CEA /* main.m */ = {isa = PBXFileReference; fileEncoding = 30; lastKnownFileType = sourcecode.c.objc; path = main.m; sourceTree = "<group>"; };
		29B97324FDCFA39411CA2CEA /* AppKit.framework */ = {isa = PBXFileReference; lastKnownFileType = wrapper.framework; name = AppKit.framework; path = System/Library/Frameworks/AppKit.framework; sourceTree = SDKROOT; };
		29B97325FDCFA39411CA2CEA /* Foundation.framework */ = {isa = PBXFileReference; lastKnownFileType = wrapper.framework; name = Foundation.framework; path = System/Library/Frameworks/Foundation.framework; sourceTree = SDKROOT; };
		32CA4F630368D1EE00C91783 /* CocoaGlk_Prefix.h */ = {isa = PBXFileReference; fileEncoding = 4; lastKnownFileType = sourcecode.c.h; path = CocoaGlk_Prefix.h; sourceTree = "<group>"; };
		3D2DF303061CAE2D00EB1701 /* scresour.c */ = {isa = PBXFileReference; fileEncoding = 30; lastKnownFileType = sourcecode.c.c; path = scresour.c; sourceTree = "<group>"; };
		3D7B8F5405FF0DE8007FC823 /* sctafpar.c */ = {isa = PBXFileReference; fileEncoding = 30; lastKnownFileType = sourcecode.c.c; path = sctafpar.c; sourceTree = "<group>"; };
		3D7B8F5505FF0DE8007FC823 /* scnpcs.c */ = {isa = PBXFileReference; fileEncoding = 30; lastKnownFileType = sourcecode.c.c; path = scnpcs.c; sourceTree = "<group>"; };
		3D7B8F5705FF0DE8007FC823 /* scevents.c */ = {isa = PBXFileReference; fileEncoding = 30; lastKnownFileType = sourcecode.c.c; path = scevents.c; sourceTree = "<group>"; };
		3D7B8F5805FF0DE8007FC823 /* sctasks.c */ = {isa = PBXFileReference; fileEncoding = 30; lastKnownFileType = sourcecode.c.c; path = sctasks.c; sourceTree = "<group>"; };
		3D7B8F5905FF0DE8007FC823 /* scexpr.c */ = {isa = PBXFileReference; fileEncoding = 30; lastKnownFileType = sourcecode.c.c; path = scexpr.c; sourceTree = "<group>"; };
		3D7B8F5B05FF0DE8007FC823 /* scinterf.c */ = {isa = PBXFileReference; fileEncoding = 30; lastKnownFileType = sourcecode.c.c; path = scinterf.c; sourceTree = "<group>"; };
		3D7B8F5C05FF0DE8007FC823 /* scutils.c */ = {isa = PBXFileReference; fileEncoding = 30; lastKnownFileType = sourcecode.c.c; path = scutils.c; sourceTree = "<group>"; };
		3D7B8F5F05FF0DE8007FC823 /* scgamest.c */ = {isa = PBXFileReference; fileEncoding = 30; lastKnownFileType = sourcecode.c.c; path = scgamest.c; sourceTree = "<group>"; };
		3D7B8F6005FF0DE8007FC823 /* os_glk.c */ = {isa = PBXFileReference; fileEncoding = 30; indentWidth = 8; lastKnownFileType = sourcecode.c.c; path = os_glk.c; sourceTree = "<group>"; tabWidth = 8; usesTabs = 1; };
		3D7B8F6105FF0DE8007FC823 /* scparser.c */ = {isa = PBXFileReference; fileEncoding = 30; lastKnownFileType = sourcecode.c.c; path = scparser.c; sourceTree = "<group>"; };
		3D7B8F6205FF0DE8007FC823 /* scprotos.h */ = {isa = PBXFileReference; fileEncoding = 30; lastKnownFileType = sourcecode.c.h; path = scprotos.h; sourceTree = "<group>"; };
		3D7B8F6505FF0DE8007FC823 /* scvars.c */ = {isa = PBXFileReference; fileEncoding = 30; lastKnownFileType = sourcecode.c.c; path = scvars.c; sourceTree = "<group>"; };
		3D7B8F6605FF0DE8007FC823 /* screstrs.c */ = {isa = PBXFileReference; fileEncoding = 30; lastKnownFileType = sourcecode.c.c; path = screstrs.c; sourceTree = "<group>"; };
		3D7B8F6A05FF0DE8007FC823 /* scrunner.c */ = {isa = PBXFileReference; fileEncoding = 30; lastKnownFileType = sourcecode.c.c; path = scrunner.c; sourceTree = "<group>"; };
		3D7B8F6C05FF0DE8007FC823 /* scprops.c */ = {isa = PBXFileReference; fileEncoding = 30; lastKnownFileType = sourcecode.c.c; path = scprops.c; sourceTree = "<group>"; };
		3D7B8F6E05FF0DE8007FC823 /* scgamest.h */ = {isa = PBXFileReference; fileEncoding = 30; lastKnownFileType = sourcecode.c.h; path = scgamest.h; sourceTree = "<group>"; };
		3D7B8F7005FF0DE8007FC823 /* scobjcts.c */ = {isa = PBXFileReference; fileEncoding = 30; lastKnownFileType = sourcecode.c.c; path = scobjcts.c; sourceTree = "<group>"; };
		3D7B8F7605FF0DE8007FC823 /* scserial.c */ = {isa = PBXFileReference; fileEncoding = 30; lastKnownFileType = sourcecode.c.c; path = scserial.c; sourceTree = "<group>"; };
		3D7B8F7705FF0DE8007FC823 /* sclibrar.c */ = {isa = PBXFileReference; fileEncoding = 30; lastKnownFileType = sourcecode.c.c; path = sclibrar.c; sourceTree = "<group>"; };
		3D7B8F7905FF0DE8007FC823 /* scprintf.c */ = {isa = PBXFileReference; fileEncoding = 30; lastKnownFileType = sourcecode.c.c; path = scprintf.c; sourceTree = "<group>"; };
		3D7B8F7A05FF0DE8007FC823 /* sctaffil.c */ = {isa = PBXFileReference; fileEncoding = 30; lastKnownFileType = sourcecode.c.c; path = sctaffil.c; sourceTree = "<group>"; };
		3D7B8F7C05FF0DE8007FC823 /* scdebug.c */ = {isa = PBXFileReference; fileEncoding = 30; lastKnownFileType = sourcecode.c.c; path = scdebug.c; sourceTree = "<group>"; };
		3D7B8F7E05FF0DE8007FC823 /* scare.h */ = {isa = PBXFileReference; fileEncoding = 30; lastKnownFileType = sourcecode.c.h; path = scare.h; sourceTree = "<group>"; };
		3DEC126D089ED4A100C32BA6 /* Info-MacScare.plist */ = {isa = PBXFileReference; lastKnownFileType = text.plist.xml; path = "Info-MacScare.plist"; sourceTree = "<group>"; };
		3DEC126E089ED4A200C32BA6 /* MacScare.app */ = {isa = PBXFileReference; explicitFileType = wrapper.application; includeInIndex = 0; path = MacScare.app; sourceTree = BUILT_PRODUCTS_DIR; };
		3DF75D320602FFF90056AA39 /* NSBundle+Types.h */ = {isa = PBXFileReference; fileEncoding = 4; lastKnownFileType = sourcecode.c.h; path = "NSBundle+Types.h"; sourceTree = "<group>"; };
		3DF75D330602FFF90056AA39 /* NSBundle+Types.m */ = {isa = PBXFileReference; fileEncoding = 4; lastKnownFileType = sourcecode.c.objc; path = "NSBundle+Types.m"; sourceTree = "<group>"; };
		4B74ABF20497F70900A8E303 /* GlkAppDelegate.h */ = {isa = PBXFileReference; fileEncoding = 4; lastKnownFileType = sourcecode.c.h; path = GlkAppDelegate.h; sourceTree = "<group>"; };
		4B74ABF30497F70900A8E303 /* GlkAppDelegate.m */ = {isa = PBXFileReference; fileEncoding = 4; lastKnownFileType = sourcecode.c.objc; path = GlkAppDelegate.m; sourceTree = "<group>"; };
		5563A5352720B951005B40E0 /* en */ = {isa = PBXFileReference; lastKnownFileType = text.rtf; name = en; path = en.lproj/Credits.rtf; sourceTree = "<group>"; };
		5563A5362720B951005B40E0 /* en */ = {isa = PBXFileReference; fileEncoding = 4; lastKnownFileType = text.plist.strings; name = en; path = en.lproj/InfoPlist.strings; sourceTree = "<group>"; };
		5563A5392720B9C0005B40E0 /* en */ = {isa = PBXFileReference; lastKnownFileType = file.xib; name = en; path = en.lproj/MainMenu.xib; sourceTree = "<group>"; };
		5563A53B2720BA3B005B40E0 /* Images.xcassets */ = {isa = PBXFileReference; lastKnownFileType = folder.assetcatalog; name = Images.xcassets; path = MacScare/Images.xcassets; sourceTree = "<group>"; };
		5563A53F2720C6E8005B40E0 /* scmemos.c */ = {isa = PBXFileReference; fileEncoding = 4; lastKnownFileType = sourcecode.c.c; path = scmemos.c; sourceTree = "<group>"; };
		5563A5442720CA55005B40E0 /* sclocale.c */ = {isa = PBXFileReference; fileEncoding = 4; lastKnownFileType = sourcecode.c.c; path = sclocale.c; sourceTree = "<group>"; };
		55E30A342724CC7400C2B519 /* CocoaGlk.xcodeproj */ = {isa = PBXFileReference; lastKnownFileType = "wrapper.pb-project"; name = CocoaGlk.xcodeproj; path = CocoaGlk/CocoaGlk.xcodeproj; sourceTree = "<group>"; };
		55E30A642724CCF500C2B519 /* scare-client */ = {isa = PBXFileReference; explicitFileType = "compiled.mach-o.executable"; includeInIndex = 0; path = "scare-client"; sourceTree = BUILT_PRODUCTS_DIR; };
		55E30A8D2724D1BE00C2B519 /* ScareWindowController.h */ = {isa = PBXFileReference; lastKnownFileType = sourcecode.c.h; path = ScareWindowController.h; sourceTree = "<group>"; };
		55E30A8E2724D1BE00C2B519 /* ScareWindowController.m */ = {isa = PBXFileReference; lastKnownFileType = sourcecode.c.objc; path = ScareWindowController.m; sourceTree = "<group>"; };
/* End PBXFileReference section */

/* Begin PBXFrameworksBuildPhase section */
		3DEC1267089ED4A100C32BA6 /* Frameworks */ = {
			isa = PBXFrameworksBuildPhase;
			buildActionMask = 2147483647;
			files = (
				55E30A5B2724CCD100C2B519 /* GlkClient.framework in Frameworks */,
				55E30A5D2724CCD100C2B519 /* GlkView.framework in Frameworks */,
				3DEC1268089ED4A100C32BA6 /* Cocoa.framework in Frameworks */,
			);
			runOnlyForDeploymentPostprocessing = 0;
		};
		55E30A612724CCF500C2B519 /* Frameworks */ = {
			isa = PBXFrameworksBuildPhase;
			buildActionMask = 2147483647;
			files = (
				55E30A8A2724CEB400C2B519 /* GlkClient.framework in Frameworks */,
				55E30A8B2724CEB400C2B519 /* GlkView.framework in Frameworks */,
				55E30A8C2724CEB400C2B519 /* libglkmain.a in Frameworks */,
			);
			runOnlyForDeploymentPostprocessing = 0;
		};
/* End PBXFrameworksBuildPhase section */

/* Begin PBXGroup section */
		080E96DDFE201D6D7F000001 /* Classes */ = {
			isa = PBXGroup;
			children = (
				4B74ABED0497C7AA00A8E303 /* Interface */,
			);
			name = Classes;
			sourceTree = "<group>";
		};
		1058C7A0FEA54F0111CA2CBB /* Linked Frameworks */ = {
			isa = PBXGroup;
			children = (
				1058C7A1FEA54F0111CA2CBB /* Cocoa.framework */,
			);
			name = "Linked Frameworks";
			sourceTree = "<group>";
		};
		1058C7A2FEA54F0111CA2CBB /* Other Frameworks */ = {
			isa = PBXGroup;
			children = (
				29B97325FDCFA39411CA2CEA /* Foundation.framework */,
				29B97324FDCFA39411CA2CEA /* AppKit.framework */,
			);
			name = "Other Frameworks";
			sourceTree = "<group>";
		};
		19C28FACFE9D520D11CA2CBB /* Products */ = {
			isa = PBXGroup;
			children = (
				3DEC126E089ED4A200C32BA6 /* MacScare.app */,
				55E30A642724CCF500C2B519 /* scare-client */,
			);
			name = Products;
			sourceTree = "<group>";
		};
		29B97314FDCFA39411CA2CEA /* CocoaGlk */ = {
			isa = PBXGroup;
			children = (
				55E30A342724CC7400C2B519 /* CocoaGlk.xcodeproj */,
				3D0A26F705DE8008003E9430 /* Scare */,
				080E96DDFE201D6D7F000001 /* Classes */,
				29B97315FDCFA39411CA2CEA /* Other Sources */,
				29B97317FDCFA39411CA2CEA /* Resources */,
				29B97323FDCFA39411CA2CEA /* Frameworks */,
				19C28FACFE9D520D11CA2CBB /* Products */,
			);
			name = CocoaGlk;
			sourceTree = "<group>";
		};
		29B97315FDCFA39411CA2CEA /* Other Sources */ = {
			isa = PBXGroup;
			children = (
				32CA4F630368D1EE00C91783 /* CocoaGlk_Prefix.h */,
				29B97316FDCFA39411CA2CEA /* main.m */,
			);
			name = "Other Sources";
			sourceTree = "<group>";
		};
		29B97317FDCFA39411CA2CEA /* Resources */ = {
			isa = PBXGroup;
			children = (
				5563A53B2720BA3B005B40E0 /* Images.xcassets */,
				3DEC126D089ED4A100C32BA6 /* Info-MacScare.plist */,
				3DC7FC2006031BD000904F30 /* Credits.rtf */,
				5563A5382720B9C0005B40E0 /* MainMenu.xib */,
				089C165CFE840E0CC02AAC07 /* InfoPlist.strings */,
			);
			name = Resources;
			sourceTree = "<group>";
		};
		29B97323FDCFA39411CA2CEA /* Frameworks */ = {
			isa = PBXGroup;
			children = (
				1058C7A0FEA54F0111CA2CBB /* Linked Frameworks */,
				1058C7A2FEA54F0111CA2CBB /* Other Frameworks */,
			);
			name = Frameworks;
			sourceTree = "<group>";
		};
		3D0A26F705DE8008003E9430 /* Scare */ = {
			isa = PBXGroup;
			children = (
				3D7B8F6005FF0DE8007FC823 /* os_glk.c */,
				3D7B8F7E05FF0DE8007FC823 /* scare.h */,
				3D7B8F7C05FF0DE8007FC823 /* scdebug.c */,
				3D7B8F5705FF0DE8007FC823 /* scevents.c */,
				3D7B8F5905FF0DE8007FC823 /* scexpr.c */,
				3D7B8F5F05FF0DE8007FC823 /* scgamest.c */,
				3D7B8F6E05FF0DE8007FC823 /* scgamest.h */,
				3D7B8F5B05FF0DE8007FC823 /* scinterf.c */,
				3D7B8F7705FF0DE8007FC823 /* sclibrar.c */,
				5563A5442720CA55005B40E0 /* sclocale.c */,
				5563A53F2720C6E8005B40E0 /* scmemos.c */,
				3D7B8F5505FF0DE8007FC823 /* scnpcs.c */,
				3D7B8F7005FF0DE8007FC823 /* scobjcts.c */,
				3D7B8F6105FF0DE8007FC823 /* scparser.c */,
				3D7B8F7905FF0DE8007FC823 /* scprintf.c */,
				3D7B8F6C05FF0DE8007FC823 /* scprops.c */,
				3D7B8F6205FF0DE8007FC823 /* scprotos.h */,
				3D2DF303061CAE2D00EB1701 /* scresour.c */,
				3D7B8F6605FF0DE8007FC823 /* screstrs.c */,
				3D7B8F6A05FF0DE8007FC823 /* scrunner.c */,
				3D7B8F7605FF0DE8007FC823 /* scserial.c */,
				3D7B8F7A05FF0DE8007FC823 /* sctaffil.c */,
				3D7B8F5405FF0DE8007FC823 /* sctafpar.c */,
				3D7B8F5805FF0DE8007FC823 /* sctasks.c */,
				3D7B8F5C05FF0DE8007FC823 /* scutils.c */,
				3D7B8F6505FF0DE8007FC823 /* scvars.c */,
			);
			name = Scare;
			path = scare;
			sourceTree = "<group>";
		};
		4B74ABED0497C7AA00A8E303 /* Interface */ = {
			isa = PBXGroup;
			children = (
				55E30A8D2724D1BE00C2B519 /* ScareWindowController.h */,
				55E30A8E2724D1BE00C2B519 /* ScareWindowController.m */,
				4B74ABF20497F70900A8E303 /* GlkAppDelegate.h */,
				4B74ABF30497F70900A8E303 /* GlkAppDelegate.m */,
				3DF75D320602FFF90056AA39 /* NSBundle+Types.h */,
				3DF75D330602FFF90056AA39 /* NSBundle+Types.m */,
			);
			name = Interface;
			sourceTree = "<group>";
		};
		55E30A352724CC7400C2B519 /* Products */ = {
			isa = PBXGroup;
			children = (
				55E30A422724CC7400C2B519 /* CocoaGlk.app */,
				55E30A442724CC7400C2B519 /* GlkView.framework */,
				55E30A462724CC7400C2B519 /* GlkClient.framework */,
				55E30A482724CC7400C2B519 /* GlkSound.framework */,
				55E30A4A2724CC7400C2B519 /* multiwin */,
				55E30A4C2724CC7400C2B519 /* glulxe-client */,
				55E30A4E2724CC7400C2B519 /* imagetest */,
				55E30A502724CC7400C2B519 /* git-client */,
				55E30A522724CC7400C2B519 /* SwiftGlk.app */,
				55E30A542724CC7400C2B519 /* libglkmain.a */,
			);
			name = Products;
			sourceTree = "<group>";
		};
/* End PBXGroup section */

/* Begin PBXHeadersBuildPhase section */
		3DEC1203089ED4A100C32BA6 /* Headers */ = {
			isa = PBXHeadersBuildPhase;
			buildActionMask = 2147483647;
			files = (
				3DEC1204089ED4A100C32BA6 /* CocoaGlk_Prefix.h in Headers */,
				3DEC120A089ED4A100C32BA6 /* GlkAppDelegate.h in Headers */,
				3DEC121E089ED4A100C32BA6 /* scprotos.h in Headers */,
				3DEC1222089ED4A100C32BA6 /* scgamest.h in Headers */,
				3DEC1227089ED4A100C32BA6 /* scare.h in Headers */,
				3DEC1228089ED4A100C32BA6 /* NSBundle+Types.h in Headers */,
			);
			runOnlyForDeploymentPostprocessing = 0;
		};
/* End PBXHeadersBuildPhase section */

/* Begin PBXLegacyTarget section */
		3DFE639E060AF64500977C98 /* ScareCLI */ = {
			isa = PBXLegacyTarget;
			buildArgumentsString = "$(ACTION)";
			buildConfigurationList = 3DEC11F0089EB50700C32BA6 /* Build configuration list for PBXLegacyTarget "ScareCLI" */;
			buildPhases = (
			);
			buildToolPath = /usr/bin/make;
			buildWorkingDirectory = scare/;
			dependencies = (
			);
			name = ScareCLI;
			passBuildSettingsInEnvironment = 1;
			productName = ScareCLI;
		};
/* End PBXLegacyTarget section */

/* Begin PBXNativeTarget section */
		3DEC1202089ED4A100C32BA6 /* MacScare */ = {
			isa = PBXNativeTarget;
			buildConfigurationList = 3DEC1269089ED4A100C32BA6 /* Build configuration list for PBXNativeTarget "MacScare" */;
			buildPhases = (
				3DEC1203089ED4A100C32BA6 /* Headers */,
				3DEC1229089ED4A100C32BA6 /* Resources */,
				3DEC122F089ED4A100C32BA6 /* Sources */,
				3DEC1267089ED4A100C32BA6 /* Frameworks */,
				55E30A5F2724CCD100C2B519 /* Embed Frameworks */,
				55E30A822724CE1400C2B519 /* CopyFiles */,
			);
			buildRules = (
			);
			dependencies = (
				55E30A852724CE2600C2B519 /* PBXTargetDependency */,
				55E30A562724CCC100C2B519 /* PBXTargetDependency */,
				55E30A582724CCC100C2B519 /* PBXTargetDependency */,
				55E30A5A2724CCC100C2B519 /* PBXTargetDependency */,
			);
			name = MacScare;
			productInstallPath = "$(HOME)/Applications";
			productName = CocoaGlk;
			productReference = 3DEC126E089ED4A200C32BA6 /* MacScare.app */;
			productType = "com.apple.product-type.application";
		};
		55E30A632724CCF500C2B519 /* scare-client */ = {
			isa = PBXNativeTarget;
			buildConfigurationList = 55E30A682724CCF500C2B519 /* Build configuration list for PBXNativeTarget "scare-client" */;
			buildPhases = (
				55E30A602724CCF500C2B519 /* Sources */,
				55E30A612724CCF500C2B519 /* Frameworks */,
			);
			buildRules = (
			);
			dependencies = (
				55E30A892724CE5C00C2B519 /* PBXTargetDependency */,
				55E30A872724CE4F00C2B519 /* PBXTargetDependency */,
			);
			name = "scare-client";
			productName = "scare-client";
			productReference = 55E30A642724CCF500C2B519 /* scare-client */;
			productType = "com.apple.product-type.tool";
		};
/* End PBXNativeTarget section */

/* Begin PBXProject section */
		29B97313FDCFA39411CA2CEA /* Project object */ = {
			isa = PBXProject;
			attributes = {
				LastUpgradeCheck = 1300;
				TargetAttributes = {
					55E30A632724CCF500C2B519 = {
						CreatedOnToolsVersion = 13.0;
						ProvisioningStyle = Automatic;
					};
				};
			};
			buildConfigurationList = 3DEC11F4089EB50700C32BA6 /* Build configuration list for PBXProject "MacScare" */;
			compatibilityVersion = "Xcode 3.2";
			developmentRegion = en;
			hasScannedForEncodings = 1;
			knownRegions = (
				en,
				Base,
			);
			mainGroup = 29B97314FDCFA39411CA2CEA /* CocoaGlk */;
			projectDirPath = "";
			projectReferences = (
				{
					ProductGroup = 55E30A352724CC7400C2B519 /* Products */;
					ProjectRef = 55E30A342724CC7400C2B519 /* CocoaGlk.xcodeproj */;
				},
			);
			projectRoot = "";
			targets = (
				3DEC1202089ED4A100C32BA6 /* MacScare */,
				3DFE639E060AF64500977C98 /* ScareCLI */,
				55E30A632724CCF500C2B519 /* scare-client */,
			);
		};
/* End PBXProject section */

/* Begin PBXReferenceProxy section */
		55E30A422724CC7400C2B519 /* CocoaGlk.app */ = {
			isa = PBXReferenceProxy;
			fileType = wrapper.application;
			path = CocoaGlk.app;
			remoteRef = 55E30A412724CC7400C2B519 /* PBXContainerItemProxy */;
			sourceTree = BUILT_PRODUCTS_DIR;
		};
		55E30A442724CC7400C2B519 /* GlkView.framework */ = {
			isa = PBXReferenceProxy;
			fileType = wrapper.framework;
			path = GlkView.framework;
			remoteRef = 55E30A432724CC7400C2B519 /* PBXContainerItemProxy */;
			sourceTree = BUILT_PRODUCTS_DIR;
		};
		55E30A462724CC7400C2B519 /* GlkClient.framework */ = {
			isa = PBXReferenceProxy;
			fileType = wrapper.framework;
			path = GlkClient.framework;
			remoteRef = 55E30A452724CC7400C2B519 /* PBXContainerItemProxy */;
			sourceTree = BUILT_PRODUCTS_DIR;
		};
		55E30A482724CC7400C2B519 /* GlkSound.framework */ = {
			isa = PBXReferenceProxy;
			fileType = wrapper.framework;
			path = GlkSound.framework;
			remoteRef = 55E30A472724CC7400C2B519 /* PBXContainerItemProxy */;
			sourceTree = BUILT_PRODUCTS_DIR;
		};
		55E30A4A2724CC7400C2B519 /* multiwin */ = {
			isa = PBXReferenceProxy;
			fileType = "compiled.mach-o.executable";
			path = multiwin;
			remoteRef = 55E30A492724CC7400C2B519 /* PBXContainerItemProxy */;
			sourceTree = BUILT_PRODUCTS_DIR;
		};
		55E30A4C2724CC7400C2B519 /* glulxe-client */ = {
			isa = PBXReferenceProxy;
			fileType = "compiled.mach-o.executable";
			path = "glulxe-client";
			remoteRef = 55E30A4B2724CC7400C2B519 /* PBXContainerItemProxy */;
			sourceTree = BUILT_PRODUCTS_DIR;
		};
		55E30A4E2724CC7400C2B519 /* imagetest */ = {
			isa = PBXReferenceProxy;
			fileType = "compiled.mach-o.executable";
			path = imagetest;
			remoteRef = 55E30A4D2724CC7400C2B519 /* PBXContainerItemProxy */;
			sourceTree = BUILT_PRODUCTS_DIR;
		};
		55E30A502724CC7400C2B519 /* git-client */ = {
			isa = PBXReferenceProxy;
			fileType = "compiled.mach-o.executable";
			path = "git-client";
			remoteRef = 55E30A4F2724CC7400C2B519 /* PBXContainerItemProxy */;
			sourceTree = BUILT_PRODUCTS_DIR;
		};
		55E30A522724CC7400C2B519 /* SwiftGlk.app */ = {
			isa = PBXReferenceProxy;
			fileType = wrapper.application;
			path = SwiftGlk.app;
			remoteRef = 55E30A512724CC7400C2B519 /* PBXContainerItemProxy */;
			sourceTree = BUILT_PRODUCTS_DIR;
		};
		55E30A542724CC7400C2B519 /* libglkmain.a */ = {
			isa = PBXReferenceProxy;
			fileType = archive.ar;
			path = libglkmain.a;
			remoteRef = 55E30A532724CC7400C2B519 /* PBXContainerItemProxy */;
			sourceTree = BUILT_PRODUCTS_DIR;
		};
/* End PBXReferenceProxy section */

/* Begin PBXResourcesBuildPhase section */
		3DEC1229089ED4A100C32BA6 /* Resources */ = {
			isa = PBXResourcesBuildPhase;
			buildActionMask = 2147483647;
			files = (
				3DEC122B089ED4A100C32BA6 /* InfoPlist.strings in Resources */,
				3DEC122C089ED4A100C32BA6 /* Credits.rtf in Resources */,
				5563A53C2720BA3B005B40E0 /* Images.xcassets in Resources */,
				5563A53A2720B9C0005B40E0 /* MainMenu.xib in Resources */,
			);
			runOnlyForDeploymentPostprocessing = 0;
		};
/* End PBXResourcesBuildPhase section */

/* Begin PBXSourcesBuildPhase section */
		3DEC122F089ED4A100C32BA6 /* Sources */ = {
			isa = PBXSourcesBuildPhase;
			buildActionMask = 2147483647;
			files = (
				3DEC1230089ED4A100C32BA6 /* main.m in Sources */,
				3DEC1236089ED4A100C32BA6 /* GlkAppDelegate.m in Sources */,
				55E30A8F2724D1BE00C2B519 /* ScareWindowController.m in Sources */,
				3DEC1265089ED4A100C32BA6 /* NSBundle+Types.m in Sources */,
			);
			runOnlyForDeploymentPostprocessing = 0;
		};
		55E30A602724CCF500C2B519 /* Sources */ = {
			isa = PBXSourcesBuildPhase;
			buildActionMask = 2147483647;
			files = (
				55E30A742724CD1500C2B519 /* scparser.c in Sources */,
				55E30A792724CD1500C2B519 /* sclocale.c in Sources */,
				55E30A6F2724CD1500C2B519 /* os_glk.c in Sources */,
				55E30A762724CD1500C2B519 /* scvars.c in Sources */,
				55E30A6D2724CD1500C2B519 /* scinterf.c in Sources */,
				55E30A702724CD1500C2B519 /* sctaffil.c in Sources */,
				55E30A802724CD1500C2B519 /* scdebug.c in Sources */,
				55E30A752724CD1500C2B519 /* scserial.c in Sources */,
				55E30A7A2724CD1500C2B519 /* sclibrar.c in Sources */,
				55E30A6E2724CD1500C2B519 /* scutils.c in Sources */,
				55E30A772724CD1500C2B519 /* scgamest.c in Sources */,
				55E30A6C2724CD1500C2B519 /* sctasks.c in Sources */,
				55E30A732724CD1500C2B519 /* scobjcts.c in Sources */,
				55E30A782724CD1500C2B519 /* scresour.c in Sources */,
				55E30A722724CD1500C2B519 /* scrunner.c in Sources */,
				55E30A7C2724CD1500C2B519 /* scexpr.c in Sources */,
				55E30A7F2724CD1500C2B519 /* scprops.c in Sources */,
				55E30A712724CD1500C2B519 /* scevents.c in Sources */,
				55E30A7B2724CD1500C2B519 /* scprintf.c in Sources */,
				55E30A812724CD1500C2B519 /* screstrs.c in Sources */,
				55E30A6B2724CD1500C2B519 /* scmemos.c in Sources */,
				55E30A7E2724CD1500C2B519 /* sctafpar.c in Sources */,
				55E30A7D2724CD1500C2B519 /* scnpcs.c in Sources */,
			);
			runOnlyForDeploymentPostprocessing = 0;
		};
/* End PBXSourcesBuildPhase section */

/* Begin PBXTargetDependency section */
		55E30A562724CCC100C2B519 /* PBXTargetDependency */ = {
			isa = PBXTargetDependency;
			name = GlkClient;
			targetProxy = 55E30A552724CCC100C2B519 /* PBXContainerItemProxy */;
		};
		55E30A582724CCC100C2B519 /* PBXTargetDependency */ = {
			isa = PBXTargetDependency;
			name = GlkView;
			targetProxy = 55E30A572724CCC100C2B519 /* PBXContainerItemProxy */;
		};
		55E30A5A2724CCC100C2B519 /* PBXTargetDependency */ = {
			isa = PBXTargetDependency;
			name = glkmain;
			targetProxy = 55E30A592724CCC100C2B519 /* PBXContainerItemProxy */;
		};
		55E30A852724CE2600C2B519 /* PBXTargetDependency */ = {
			isa = PBXTargetDependency;
			target = 55E30A632724CCF500C2B519 /* scare-client */;
			targetProxy = 55E30A842724CE2600C2B519 /* PBXContainerItemProxy */;
		};
		55E30A872724CE4F00C2B519 /* PBXTargetDependency */ = {
			isa = PBXTargetDependency;
			name = GlkClient;
			targetProxy = 55E30A862724CE4F00C2B519 /* PBXContainerItemProxy */;
		};
		55E30A892724CE5C00C2B519 /* PBXTargetDependency */ = {
			isa = PBXTargetDependency;
			name = GlkView;
			targetProxy = 55E30A882724CE5C00C2B519 /* PBXContainerItemProxy */;
		};
/* End PBXTargetDependency section */

/* Begin PBXVariantGroup section */
		089C165CFE840E0CC02AAC07 /* InfoPlist.strings */ = {
			isa = PBXVariantGroup;
			children = (
				5563A5362720B951005B40E0 /* en */,
			);
			name = InfoPlist.strings;
			sourceTree = "<group>";
		};
		3DC7FC2006031BD000904F30 /* Credits.rtf */ = {
			isa = PBXVariantGroup;
			children = (
				5563A5352720B951005B40E0 /* en */,
			);
			name = Credits.rtf;
			sourceTree = "<group>";
		};
		5563A5382720B9C0005B40E0 /* MainMenu.xib */ = {
			isa = PBXVariantGroup;
			children = (
				5563A5392720B9C0005B40E0 /* en */,
			);
			name = MainMenu.xib;
			sourceTree = "<group>";
		};
/* End PBXVariantGroup section */

/* Begin XCBuildConfiguration section */
		3DEC11F1089EB50700C32BA6 /* Debug */ = {
			isa = XCBuildConfiguration;
			buildSettings = {
				COPY_PHASE_STRIP = NO;
				GCC_DYNAMIC_NO_PIC = NO;
				GCC_GENERATE_DEBUGGING_SYMBOLS = YES;
				OPTIMIZATION_CFLAGS = "-O0";
				PRODUCT_NAME = ScareCLI;
			};
			name = Debug;
		};
		3DEC11F2089EB50700C32BA6 /* Release */ = {
			isa = XCBuildConfiguration;
			buildSettings = {
				COPY_PHASE_STRIP = YES;
				DEPLOYMENT_POSTPROCESSING = YES;
				GCC_GENERATE_DEBUGGING_SYMBOLS = NO;
				PRODUCT_NAME = ScareCLI;
			};
			name = Release;
		};
		3DEC11F5089EB50700C32BA6 /* Debug */ = {
			isa = XCBuildConfiguration;
			buildSettings = {
				ALWAYS_SEARCH_USER_PATHS = NO;
				CLANG_ANALYZER_LOCALIZABILITY_NONLOCALIZED = YES;
				CLANG_ENABLE_OBJC_WEAK = YES;
				CLANG_WARN_BLOCK_CAPTURE_AUTORELEASING = YES;
				CLANG_WARN_BOOL_CONVERSION = YES;
				CLANG_WARN_COMMA = YES;
				CLANG_WARN_CONSTANT_CONVERSION = YES;
				CLANG_WARN_DEPRECATED_OBJC_IMPLEMENTATIONS = YES;
				CLANG_WARN_EMPTY_BODY = YES;
				CLANG_WARN_ENUM_CONVERSION = YES;
				CLANG_WARN_INFINITE_RECURSION = YES;
				CLANG_WARN_INT_CONVERSION = YES;
				CLANG_WARN_NON_LITERAL_NULL_CONVERSION = YES;
				CLANG_WARN_OBJC_IMPLICIT_RETAIN_SELF = YES;
				CLANG_WARN_OBJC_LITERAL_CONVERSION = YES;
				CLANG_WARN_QUOTED_INCLUDE_IN_FRAMEWORK_HEADER = YES;
				CLANG_WARN_RANGE_LOOP_ANALYSIS = YES;
				CLANG_WARN_STRICT_PROTOTYPES = YES;
				CLANG_WARN_SUSPICIOUS_MOVE = YES;
				CLANG_WARN_UNREACHABLE_CODE = YES;
				CLANG_WARN__DUPLICATE_METHOD_MATCH = YES;
				DEBUG_INFORMATION_FORMAT = dwarf;
				ENABLE_STRICT_OBJC_MSGSEND = YES;
				ENABLE_TESTABILITY = YES;
				GCC_DYNAMIC_NO_PIC = NO;
				GCC_GENERATE_DEBUGGING_SYMBOLS = YES;
				GCC_NO_COMMON_BLOCKS = YES;
				GCC_OPTIMIZATION_LEVEL = 0;
				GCC_PREPROCESSOR_DEFINITIONS = "DEBUG=1";
				GCC_WARN_64_TO_32_BIT_CONVERSION = YES;
				GCC_WARN_ABOUT_RETURN_TYPE = YES;
				GCC_WARN_UNDECLARED_SELECTOR = YES;
				GCC_WARN_UNINITIALIZED_AUTOS = YES;
				GCC_WARN_UNUSED_FUNCTION = YES;
				GCC_WARN_UNUSED_VARIABLE = YES;
				MACOSX_DEPLOYMENT_TARGET = 10.13;
				ONLY_ACTIVE_ARCH = YES;
				OPTIMIZATION_CFLAGS = "-O0";
				SDKROOT = macosx;
				ZERO_LINK = YES;
			};
			name = Debug;
		};
		3DEC11F6089EB50700C32BA6 /* Release */ = {
			isa = XCBuildConfiguration;
			buildSettings = {
				ALWAYS_SEARCH_USER_PATHS = NO;
				CLANG_ANALYZER_LOCALIZABILITY_NONLOCALIZED = YES;
				CLANG_ENABLE_OBJC_WEAK = YES;
				CLANG_WARN_BLOCK_CAPTURE_AUTORELEASING = YES;
				CLANG_WARN_BOOL_CONVERSION = YES;
				CLANG_WARN_COMMA = YES;
				CLANG_WARN_CONSTANT_CONVERSION = YES;
				CLANG_WARN_DEPRECATED_OBJC_IMPLEMENTATIONS = YES;
				CLANG_WARN_EMPTY_BODY = YES;
				CLANG_WARN_ENUM_CONVERSION = YES;
				CLANG_WARN_INFINITE_RECURSION = YES;
				CLANG_WARN_INT_CONVERSION = YES;
				CLANG_WARN_NON_LITERAL_NULL_CONVERSION = YES;
				CLANG_WARN_OBJC_IMPLICIT_RETAIN_SELF = YES;
				CLANG_WARN_OBJC_LITERAL_CONVERSION = YES;
				CLANG_WARN_QUOTED_INCLUDE_IN_FRAMEWORK_HEADER = YES;
				CLANG_WARN_RANGE_LOOP_ANALYSIS = YES;
				CLANG_WARN_STRICT_PROTOTYPES = YES;
				CLANG_WARN_SUSPICIOUS_MOVE = YES;
				CLANG_WARN_UNREACHABLE_CODE = YES;
				CLANG_WARN__DUPLICATE_METHOD_MATCH = YES;
				DEBUG_INFORMATION_FORMAT = "dwarf-with-dsym";
				ENABLE_STRICT_OBJC_MSGSEND = YES;
				GCC_GENERATE_DEBUGGING_SYMBOLS = YES;
				GCC_NO_COMMON_BLOCKS = YES;
				GCC_WARN_64_TO_32_BIT_CONVERSION = YES;
				GCC_WARN_ABOUT_RETURN_TYPE = YES;
				GCC_WARN_UNDECLARED_SELECTOR = YES;
				GCC_WARN_UNINITIALIZED_AUTOS = YES;
				GCC_WARN_UNUSED_FUNCTION = YES;
				GCC_WARN_UNUSED_VARIABLE = YES;
				MACOSX_DEPLOYMENT_TARGET = 10.13;
				SDKROOT = macosx;
				ZERO_LINK = NO;
			};
			name = Release;
		};
		3DEC126A089ED4A100C32BA6 /* Debug */ = {
			isa = XCBuildConfiguration;
			buildSettings = {
				ASSETCATALOG_COMPILER_APPICON_NAME = ScareAppIcon;
				CLANG_ENABLE_MODULES = YES;
				CLANG_ENABLE_OBJC_WEAK = YES;
				CODE_SIGN_IDENTITY = "-";
				COPY_PHASE_STRIP = NO;
				CURRENT_PROJECT_VERSION = 1.3.4;
				GCC_DYNAMIC_NO_PIC = NO;
				GCC_PRECOMPILE_PREFIX_HEADER = YES;
				GCC_PREFIX_HEADER = CocoaGlk_Prefix.h;
				GCC_PREPROCESSOR_DEFINITIONS = "__unix=1";
				INFOPLIST_FILE = "Info-MacScare.plist";
				INSTALL_PATH = "$(HOME)/Applications";
				LD_RUNPATH_SEARCH_PATHS = "$(inherited) @executable_path/../Frameworks";
				MARKETING_VERSION = 1.3.4;
				PRODUCT_BUNDLE_IDENTIFIER = com.ulikusterer.macscare;
				PRODUCT_NAME = MacScare;
				WRAPPER_EXTENSION = app;
				ZERO_LINK = YES;
			};
			name = Debug;
		};
		3DEC126B089ED4A100C32BA6 /* Release */ = {
			isa = XCBuildConfiguration;
			buildSettings = {
				ASSETCATALOG_COMPILER_APPICON_NAME = ScareAppIcon;
				CLANG_ENABLE_MODULES = YES;
				CLANG_ENABLE_OBJC_WEAK = YES;
				CODE_SIGN_IDENTITY = "-";
				COPY_PHASE_STRIP = YES;
				CURRENT_PROJECT_VERSION = 1.3.4;
				DEPLOYMENT_POSTPROCESSING = YES;
				GCC_PRECOMPILE_PREFIX_HEADER = YES;
				GCC_PREFIX_HEADER = CocoaGlk_Prefix.h;
				GCC_PREPROCESSOR_DEFINITIONS = "__unix=1";
				INFOPLIST_FILE = "Info-MacScare.plist";
				INSTALL_PATH = "$(HOME)/Applications";
				LD_RUNPATH_SEARCH_PATHS = "$(inherited) @executable_path/../Frameworks";
				MARKETING_VERSION = 1.3.4;
				PRODUCT_BUNDLE_IDENTIFIER = com.ulikusterer.macscare;
				PRODUCT_NAME = MacScare;
				WRAPPER_EXTENSION = app;
				ZERO_LINK = NO;
			};
			name = Release;
		};
		55E30A692724CCF500C2B519 /* Debug */ = {
			isa = XCBuildConfiguration;
			buildSettings = {
				CLANG_ANALYZER_NONNULL = YES;
				CLANG_ANALYZER_NUMBER_OBJECT_CONVERSION = YES_AGGRESSIVE;
				CLANG_CXX_LANGUAGE_STANDARD = "gnu++17";
				CLANG_CXX_LIBRARY = "libc++";
				CLANG_ENABLE_MODULES = YES;
				CLANG_ENABLE_OBJC_ARC = YES;
				CLANG_WARN_DIRECT_OBJC_ISA_USAGE = YES_ERROR;
				CLANG_WARN_DOCUMENTATION_COMMENTS = YES;
				CLANG_WARN_OBJC_ROOT_CLASS = YES_ERROR;
				CLANG_WARN_UNGUARDED_AVAILABILITY = YES_AGGRESSIVE;
				CODE_SIGN_STYLE = Automatic;
				COPY_PHASE_STRIP = NO;
				GCC_C_LANGUAGE_STANDARD = gnu11;
				GCC_PREPROCESSOR_DEFINITIONS = (
					"__unix=1",
					"$(inherited)",
				);
				GCC_WARN_ABOUT_RETURN_TYPE = YES_ERROR;
				GCC_WARN_UNINITIALIZED_AUTOS = YES_AGGRESSIVE;
				HEADER_SEARCH_PATHS = "$(SRCROOT)/CocoaGlk/GlkClient";
				MTL_ENABLE_DEBUG_INFO = INCLUDE_SOURCE;
				MTL_FAST_MATH = YES;
				PRODUCT_NAME = "$(TARGET_NAME)";
			};
			name = Debug;
		};
		55E30A6A2724CCF500C2B519 /* Release */ = {
			isa = XCBuildConfiguration;
			buildSettings = {
				CLANG_ANALYZER_NONNULL = YES;
				CLANG_ANALYZER_NUMBER_OBJECT_CONVERSION = YES_AGGRESSIVE;
				CLANG_CXX_LANGUAGE_STANDARD = "gnu++17";
				CLANG_CXX_LIBRARY = "libc++";
				CLANG_ENABLE_MODULES = YES;
				CLANG_ENABLE_OBJC_ARC = YES;
				CLANG_WARN_DIRECT_OBJC_ISA_USAGE = YES_ERROR;
				CLANG_WARN_DOCUMENTATION_COMMENTS = YES;
				CLANG_WARN_OBJC_ROOT_CLASS = YES_ERROR;
				CLANG_WARN_UNGUARDED_AVAILABILITY = YES_AGGRESSIVE;
				CODE_SIGN_STYLE = Automatic;
				COPY_PHASE_STRIP = NO;
				ENABLE_NS_ASSERTIONS = NO;
				GCC_C_LANGUAGE_STANDARD = gnu11;
				GCC_PREPROCESSOR_DEFINITIONS = (
					"__unix=1",
					"$(inherited)",
				);
				GCC_WARN_ABOUT_RETURN_TYPE = YES_ERROR;
				GCC_WARN_UNINITIALIZED_AUTOS = YES_AGGRESSIVE;
				HEADER_SEARCH_PATHS = "$(SRCROOT)/CocoaGlk/GlkClient";
				MTL_ENABLE_DEBUG_INFO = NO;
				MTL_FAST_MATH = YES;
				PRODUCT_NAME = "$(TARGET_NAME)";
			};
			name = Release;
		};
/* End XCBuildConfiguration section */

/* Begin XCConfigurationList section */
		3DEC11F0089EB50700C32BA6 /* Build configuration list for PBXLegacyTarget "ScareCLI" */ = {
			isa = XCConfigurationList;
			buildConfigurations = (
				3DEC11F1089EB50700C32BA6 /* Debug */,
				3DEC11F2089EB50700C32BA6 /* Release */,
			);
			defaultConfigurationIsVisible = 0;
			defaultConfigurationName = Release;
		};
		3DEC11F4089EB50700C32BA6 /* Build configuration list for PBXProject "MacScare" */ = {
			isa = XCConfigurationList;
			buildConfigurations = (
				3DEC11F5089EB50700C32BA6 /* Debug */,
				3DEC11F6089EB50700C32BA6 /* Release */,
			);
			defaultConfigurationIsVisible = 0;
			defaultConfigurationName = Release;
		};
		3DEC1269089ED4A100C32BA6 /* Build configuration list for PBXNativeTarget "MacScare" */ = {
			isa = XCConfigurationList;
			buildConfigurations = (
				3DEC126A089ED4A100C32BA6 /* Debug */,
				3DEC126B089ED4A100C32BA6 /* Release */,
			);
			defaultConfigurationIsVisible = 0;
			defaultConfigurationName = Release;
		};
		55E30A682724CCF500C2B519 /* Build configuration list for PBXNativeTarget "scare-client" */ = {
			isa = XCConfigurationList;
			buildConfigurations = (
				55E30A692724CCF500C2B519 /* Debug */,
				55E30A6A2724CCF500C2B519 /* Release */,
			);
			defaultConfigurationIsVisible = 0;
			defaultConfigurationName = Release;
		};
/* End XCConfigurationList section */
	};
	rootObject = 29B97313FDCFA39411CA2CEA /* Project object */;
}
